<?xml version="1.0" encoding="utf-8"?>
<Project ToolsVersion="4.0" xmlns="http://schemas.microsoft.com/developer/msbuild/2003">
  <ItemGroup>
    <FxCompile Include="Resources\shaders\ObjPS.hlsl">
      <Filter>hlsl\obj</Filter>
    </FxCompile>
    <FxCompile Include="Resources\shaders\ObjVS.hlsl">
      <Filter>hlsl\obj</Filter>
    </FxCompile>
    <FxCompile Include="Resources\shaders\ShapeVS.hlsl">
      <Filter>hlsl\Shape</Filter>
    </FxCompile>
    <FxCompile Include="Resources\shaders\ShapePS.hlsl">
      <Filter>hlsl\Shape</Filter>
    </FxCompile>
    <FxCompile Include="Resources\shaders\SpritePS.hlsl">
      <Filter>hlsl\Sprite</Filter>
    </FxCompile>
    <FxCompile Include="Resources\shaders\SpriteVS.hlsl">
      <Filter>hlsl\Sprite</Filter>
    </FxCompile>
    <FxCompile Include="Resources\shaders\TerrainPS.hlsl">
      <Filter>hlsl\Terrain</Filter>
    </FxCompile>
    <FxCompile Include="Resources\shaders\TerrainVS.hlsl">
      <Filter>hlsl\Terrain</Filter>
    </FxCompile>
    <FxCompile Include="Resources\shaders\PrimitivePS.hlsl">
      <Filter>hlsl\Primitive</Filter>
    </FxCompile>
    <FxCompile Include="Resources\shaders\PrimitiveVS.hlsl">
      <Filter>hlsl\Primitive</Filter>
    </FxCompile>
  </ItemGroup>
  <ItemGroup>
    <ClCompile Include="main.cpp" />
    <ClCompile Include="TitleScene.cpp">
      <Filter>Scene\Title</Filter>
    </ClCompile>
    <ClCompile Include="HitEffect.cpp">
      <Filter>Effects\HitEffect</Filter>
    </ClCompile>
    <ClCompile Include="Boss.cpp">
      <Filter>Boss</Filter>
    </ClCompile>
    <ClCompile Include="Bullet.cpp">
      <Filter>Bullet</Filter>
    </ClCompile>
    <ClCompile Include="CameraController.cpp">
      <Filter>Camera</Filter>
    </ClCompile>
    <ClCompile Include="Fade.cpp">
      <Filter>Effects\Fade</Filter>
    </ClCompile>
    <ClCompile Include="DeathParticle.cpp">
      <Filter>Effects\Particle\Death</Filter>
    </ClCompile>
    <ClCompile Include="SlashEffect.cpp">
      <Filter>Effects\Particle\Slash</Filter>
    </ClCompile>
    <ClCompile Include="GameClearScene.cpp">
      <Filter>Scene\GameClear</Filter>
    </ClCompile>
    <ClCompile Include="MapChipField.cpp">
      <Filter>Map</Filter>
    </ClCompile>
    <ClCompile Include="Enemy.cpp">
      <Filter>Enemy</Filter>
    </ClCompile>
    <ClCompile Include="MyMath.cpp">
      <Filter>Math</Filter>
    </ClCompile>
    <ClCompile Include="Player.cpp">
      <Filter>Player</Filter>
    </ClCompile>
    <ClCompile Include="BossScene.cpp">
      <Filter>Scene\Boss</Filter>
    </ClCompile>
    <ClCompile Include="GameScene.cpp">
      <Filter>Scene\Game</Filter>
    </ClCompile>
    <ClCompile Include="GameOverScene.cpp">
      <Filter>Scene\GameOver</Filter>
    </ClCompile>
    <ClCompile Include="Skydome.cpp">
      <Filter>Skydome</Filter>
    </ClCompile>
    <ClCompile Include="ComboRank.cpp">
      <Filter>Effects\ComboRank</Filter>
    </ClCompile>
  </ItemGroup>
  <ItemGroup>
    <ClInclude Include="HitEffect.h">
      <Filter>Effects\HitEffect</Filter>
    </ClInclude>
    <ClInclude Include="Boss.h">
      <Filter>Boss</Filter>
    </ClInclude>
    <ClInclude Include="Bullet.h">
      <Filter>Bullet</Filter>
    </ClInclude>
    <ClInclude Include="CameraController.h">
      <Filter>Camera</Filter>
    </ClInclude>
    <ClInclude Include="Fade.h">
      <Filter>Effects\Fade</Filter>
    </ClInclude>
    <ClInclude Include="DeathParticle.h">
      <Filter>Effects\Particle\Death</Filter>
    </ClInclude>
    <ClInclude Include="SlashEffect.h">
      <Filter>Effects\Particle\Slash</Filter>
    </ClInclude>
    <ClInclude Include="GameClearScene.h">
      <Filter>Scene\GameClear</Filter>
    </ClInclude>
    <ClInclude Include="MapChipField.h">
      <Filter>Map</Filter>
    </ClInclude>
    <ClInclude Include="Enemy.h">
      <Filter>Enemy</Filter>
    </ClInclude>
    <ClInclude Include="MyMath.h">
      <Filter>Math</Filter>
    </ClInclude>
    <ClInclude Include="Player.h">
      <Filter>Player</Filter>
    </ClInclude>
    <ClInclude Include="BossScene.h">
      <Filter>Scene\Boss</Filter>
    </ClInclude>
    <ClInclude Include="GameScene.h">
      <Filter>Scene\Game</Filter>
    </ClInclude>
    <ClInclude Include="GameOverScene.h">
      <Filter>Scene\GameOver</Filter>
    </ClInclude>
    <ClInclude Include="Skydome.h">
      <Filter>Skydome</Filter>
    </ClInclude>
    <ClInclude Include="ComboRank.h">
      <Filter>Effects\ComboRank</Filter>
    </ClInclude>
    <ClInclude Include="ScenePhase.h">
      <Filter>Scene</Filter>
    </ClInclude>
  </ItemGroup>
  <ItemGroup>
    <None Include="Resources\shaders\Obj.hlsli">
      <Filter>hlsl\obj</Filter>
    </None>
    <None Include="Resources\shaders\Shape.hlsli">
      <Filter>hlsl\Shape</Filter>
    </None>
    <None Include="Resources\shaders\Sprite.hlsli">
      <Filter>hlsl\Sprite</Filter>
    </None>
    <None Include="Resources\shaders\Terrain.hlsli">
      <Filter>hlsl\Terrain</Filter>
    </None>
    <None Include="Resources\shaders\Primitive.hlsli">
      <Filter>hlsl\Primitive</Filter>
    </None>
  </ItemGroup>
  <ItemGroup>
    <Filter Include="Boss">
      <UniqueIdentifier>{33284195-83c9-4ab6-820b-d0cd845ddeb3}</UniqueIdentifier>
    </Filter>
    <Filter Include="Bullet">
      <UniqueIdentifier>{dccdf656-4939-48e8-8cd4-ea5f11e85386}</UniqueIdentifier>
    </Filter>
    <Filter Include="Camera">
      <UniqueIdentifier>{9484fd8c-a0a2-4028-b9bb-78dfc4b125a2}</UniqueIdentifier>
    </Filter>
    <Filter Include="Enemy">
      <UniqueIdentifier>{f4ee12ce-b1e4-408b-8bfc-1095acca864f}</UniqueIdentifier>
    </Filter>
    <Filter Include="Scene">
      <UniqueIdentifier>{1829ec8c-37e4-441a-89cf-75a0399c5d37}</UniqueIdentifier>
    </Filter>
    <Filter Include="Scene\Game">
      <UniqueIdentifier>{6d6920b8-57c5-469b-ad0e-577e6a96ffd3}</UniqueIdentifier>
    </Filter>
    <Filter Include="Scene\GameClear">
      <UniqueIdentifier>{ac12edb4-6ccf-41b7-9fec-bc9799d5eb55}</UniqueIdentifier>
    </Filter>
    <Filter Include="Scene\GameOver">
      <UniqueIdentifier>{356c07a0-efdb-4d1f-bbad-7f857ed6d7b0}</UniqueIdentifier>
    </Filter>
    <Filter Include="Scene\Boss">
      <UniqueIdentifier>{fe74e03f-3469-480e-8943-b5810ce49b35}</UniqueIdentifier>
    </Filter>
    <Filter Include="Effects">
      <UniqueIdentifier>{f7587923-0842-4a94-a593-ac2b77acfc4e}</UniqueIdentifier>
    </Filter>
    <Filter Include="Effects\Fade">
      <UniqueIdentifier>{27238db5-94b0-4273-ae40-20ed67d3bdbf}</UniqueIdentifier>
    </Filter>
    <Filter Include="Effects\Particle">
      <UniqueIdentifier>{657a302a-467c-4fb7-b079-41387a077248}</UniqueIdentifier>
    </Filter>
    <Filter Include="Map">
      <UniqueIdentifier>{3a6bf39e-f96b-4c60-b4fb-5b6917f446ca}</UniqueIdentifier>
    </Filter>
    <Filter Include="Player">
      <UniqueIdentifier>{75186a11-90b0-4661-ad2a-37318467b04c}</UniqueIdentifier>
    </Filter>
    <Filter Include="hlsl">
      <UniqueIdentifier>{293c79f9-3377-450b-ae9c-4572ad11e573}</UniqueIdentifier>
    </Filter>
    <Filter Include="hlsl\obj">
      <UniqueIdentifier>{1a983252-f204-4991-a6f1-f140ae038fce}</UniqueIdentifier>
    </Filter>
    <Filter Include="hlsl\Shape">
      <UniqueIdentifier>{7dfbafcd-1be6-4ac0-aa8f-634ea031f75f}</UniqueIdentifier>
    </Filter>
    <Filter Include="hlsl\Sprite">
      <UniqueIdentifier>{33af9838-0d7e-4f14-b699-7785d4847c9a}</UniqueIdentifier>
    </Filter>
    <Filter Include="hlsl\Terrain">
      <UniqueIdentifier>{68dd8b11-0885-4b48-8a19-8524b45504a5}</UniqueIdentifier>
    </Filter>
    <Filter Include="Scene\Title">
      <UniqueIdentifier>{e38923e4-746e-4dd1-9526-effa9cdf1ae9}</UniqueIdentifier>
    </Filter>
    <Filter Include="hlsl\Primitive">
      <UniqueIdentifier>{1c029ee5-c83e-4b7c-85c1-6e87c0847c5f}</UniqueIdentifier>
    </Filter>
    <Filter Include="Math">
      <UniqueIdentifier>{48930198-db8d-44ff-a53d-dcd8aa03a489}</UniqueIdentifier>
    </Filter>
    <Filter Include="Skydome">
      <UniqueIdentifier>{06dd5677-d107-4a89-b7fe-ac5104877328}</UniqueIdentifier>
    </Filter>
    <Filter Include="Effects\Particle\Death">
      <UniqueIdentifier>{abf08dd4-b619-41db-897d-2b55082dffa0}</UniqueIdentifier>
    </Filter>
    <Filter Include="Effects\Particle\Slash">
      <UniqueIdentifier>{2bb38e70-ac65-4dd9-b55c-1a3247bc5fde}</UniqueIdentifier>
    </Filter>
    <Filter Include="Effects\HitEffect">
      <UniqueIdentifier>{526e71a5-02fd-48cf-ba83-45afa1a39167}</UniqueIdentifier>
    </Filter>
    <Filter Include="Effects\ComboRank">
      <UniqueIdentifier>{270e1a4f-46e8-450f-90e6-664f9adb865a}</UniqueIdentifier>
    </Filter>
  </ItemGroup>
</Project>