<?xml version="1.0" encoding="utf-8"?>
<Project ToolsVersion="4.0" xmlns="http://schemas.microsoft.com/developer/msbuild/2003">
  <ItemGroup>
    <FxCompile Include="Resources\shaders\TerrainPS.hlsl" />
    <FxCompile Include="Resources\shaders\TerrainVS.hlsl" />
    <FxCompile Include="Resources\shaders\ObjPS.hlsl" />
    <FxCompile Include="Resources\shaders\ObjVS.hlsl" />
    <FxCompile Include="Resources\shaders\PrimitivePS.hlsl" />
    <FxCompile Include="Resources\shaders\PrimitiveVS.hlsl" />
    <FxCompile Include="Resources\shaders\ShapePS.hlsl" />
    <FxCompile Include="Resources\shaders\ShapeVS.hlsl" />
    <FxCompile Include="Resources\shaders\SpritePS.hlsl" />
    <FxCompile Include="Resources\shaders\SpriteVS.hlsl" />
  </ItemGroup>
  <ItemGroup>
    <ClCompile Include="Fade.cpp" />
    <ClCompile Include="GameClearScene.cpp" />
    <ClCompile Include="GameOverScene.cpp" />
    <ClCompile Include="GameScene.cpp" />
    <ClCompile Include="main.cpp" />
    <ClCompile Include="MapChipField.cpp" />
    <ClCompile Include="MyMath.cpp" />
    <ClCompile Include="Skydome.cpp" />
    <ClCompile Include="Player.cpp" />
    <ClCompile Include="TitleScene.cpp" />
    <ClCompile Include="Boss.cpp">
      <Filter>Boss\Boss_cpp</Filter>
    </ClCompile>
    <ClCompile Include="BossScene.cpp">
      <Filter>Boss\Boss_cpp</Filter>
    </ClCompile>
    <ClCompile Include="CameraController.cpp">
      <Filter>Boss\Boss_cpp</Filter>
    </ClCompile>
    <ClCompile Include="DeathParticle.cpp">
      <Filter>Boss\Boss_cpp</Filter>
    </ClCompile>
    <ClCompile Include="Enemy.cpp" />
    <ClCompile Include="Bullet.cpp">
      <Filter>Bullet\Bullet_cpp</Filter>
    </ClCompile>
  </ItemGroup>
  <ItemGroup>
    <ClInclude Include="Fade.h" />
    <ClInclude Include="GameClearScene.h" />
    <ClInclude Include="GameOverScene.h" />
    <ClInclude Include="GameScene.h" />
    <ClInclude Include="MapChipField.h" />
    <ClInclude Include="MyMath.h" />
    <ClInclude Include="Skydome.h" />
    <ClInclude Include="Player.h" />
    <ClInclude Include="Boss.h">
      <Filter>Boss\Boss_h</Filter>
    </ClInclude>
    <ClInclude Include="BossScene.h">
      <Filter>Boss\Boss_h</Filter>
    </ClInclude>
    <ClInclude Include="Bullet.h">
      <Filter>Boss\Boss_h</Filter>
    </ClInclude>
    <ClInclude Include="CameraController.h">
      <Filter>Boss\Boss_h</Filter>
    </ClInclude>
    <ClInclude Include="DeathParticle.h">
      <Filter>Boss\Boss_h</Filter>
    </ClInclude>
    <ClInclude Include="Enemy.h" />
  </ItemGroup>
  <ItemGroup>
    <None Include="Resources\shaders\Obj.hlsli" />
    <None Include="Resources\shaders\Primitive.hlsli" />
    <None Include="Resources\shaders\Shape.hlsli" />
    <None Include="Resources\shaders\Terrain.hlsli" />
    <None Include="Resources\shaders\Sprite.hlsli" />
  </ItemGroup>
  <ItemGroup>
    <Filter Include="Boss">
      <UniqueIdentifier>{33284195-83c9-4ab6-820b-d0cd845ddeb3}</UniqueIdentifier>
    </Filter>
    <Filter Include="Boss\Boss_cpp">
      <UniqueIdentifier>{3f811f21-8cec-49a0-adcf-dbb45ce61c5b}</UniqueIdentifier>
    </Filter>
    <Filter Include="Boss\Boss_h">
      <UniqueIdentifier>{22b88f72-0fab-4964-8a36-0505f74a7f05}</UniqueIdentifier>
    </Filter>
    <Filter Include="Bullet">
      <UniqueIdentifier>{dccdf656-4939-48e8-8cd4-ea5f11e85386}</UniqueIdentifier>
    </Filter>
    <Filter Include="Bullet\Bullet_cpp">
      <UniqueIdentifier>{ad1cbd93-37d1-4dda-b6d0-48b6c7133fe7}</UniqueIdentifier>
    </Filter>
  </ItemGroup>
</Project>